
Microsoft Visual Studio Solution File, Format Version 11.00
# Visual Studio 2010
Project("{FAE04EC0-301F-11D3-BF4B-00C04F79EFBC}") = "Detonator", "Detonator.csproj", "{1d868d42-609a-3aca-0620-f5ad69726022}"
EndProject
Project("{FAE04EC0-301F-11D3-BF4B-00C04F79EFBC}") = "NewAssembly", "NewAssembly.csproj", "{c225b538-cf12-73f0-bacb-02ecedfd247c}"
EndProject
Project("{FAE04EC0-301F-11D3-BF4B-00C04F79EFBC}") = "Assembly-CSharp", "Assembly-CSharp.csproj", "{ee1fcee1-be67-3365-73aa-cc578be80dcd}"
EndProject
Global
	GlobalSection(SolutionConfigurationPlatforms) = preSolution
		Debug|Any CPU = Debug|Any CPU
	EndGlobalSection
	GlobalSection(ProjectConfigurationPlatforms) = postSolution
		{1d868d42-609a-3aca-0620-f5ad69726022}.Debug|Any CPU.ActiveCfg = Debug|Any CPU
		{1d868d42-609a-3aca-0620-f5ad69726022}.Debug|Any CPU.Build.0 = Debug|Any CPU
		{c225b538-cf12-73f0-bacb-02ecedfd247c}.Debug|Any CPU.ActiveCfg = Debug|Any CPU
		{c225b538-cf12-73f0-bacb-02ecedfd247c}.Debug|Any CPU.Build.0 = Debug|Any CPU
		{ee1fcee1-be67-3365-73aa-cc578be80dcd}.Debug|Any CPU.ActiveCfg = Debug|Any CPU
		{ee1fcee1-be67-3365-73aa-cc578be80dcd}.Debug|Any CPU.Build.0 = Debug|Any CPU
	EndGlobalSection
	GlobalSection(SolutionProperties) = preSolution
		HideSolutionNode = FALSE
	EndGlobalSection
EndGlobal
